
Microsoft Visual Studio Solution File, Format Version 12.00
# Visual Studio Version 17
VisualStudioVersion = 17.0.31912.275
MinimumVisualStudioVersion = 10.0.40219.1
Project("{2150E333-8FDC-42A3-9474-1A3956D46DE8}") = "Services", "Services", "{F0DC11E7-931E-492E-BDBD-A24EF2BE1F01}"
EndProject
Project("{2150E333-8FDC-42A3-9474-1A3956D46DE8}") = "Catalog", "Catalog", "{E452A8D7-C69D-431A-B855-A5F97512E98A}"
EndProject
Project("{9A19103F-16F7-4668-BE54-9A1E7A4F7556}") = "Catalog.API", "Services\Catalog\Catalog.API\Catalog.API.csproj", "{E555D050-F701-45DA-8DBB-ECEF0D93A446}"
EndProject
Project("{E53339B2-1760-4266-BCC7-CA923CBCF16C}") = "docker-compose", "docker-compose.dcproj", "{5CC0C328-70BF-4A31-A73D-3F67A78B17E9}"
EndProject
Project("{2150E333-8FDC-42A3-9474-1A3956D46DE8}") = "Basket", "Basket", "{8C699883-7951-4750-B370-429772553B3D}"
EndProject
Project("{9A19103F-16F7-4668-BE54-9A1E7A4F7556}") = "Basket.API", "Services\Basket\Basket.API\Basket.API.csproj", "{363E9530-46E0-437F-9B1B-43967F142644}"
EndProject
Project("{2150E333-8FDC-42A3-9474-1A3956D46DE8}") = "Discount", "Discount", "{68148285-244E-4388-B3F0-D19557133483}"
EndProject
Project("{9A19103F-16F7-4668-BE54-9A1E7A4F7556}") = "Discount.API", "Services\Discount\Discount.API\Discount.API.csproj", "{DAAE1E4F-6921-48A6-A7DA-B7EAF81FB8A7}"
EndProject
Project("{9A19103F-16F7-4668-BE54-9A1E7A4F7556}") = "Discount.gRPC", "Services\Discount\Discount.gRPC\Discount.gRPC.csproj", "{7C5A8997-9CD1-44D9-A557-CC5D446D0597}"
EndProject
Project("{2150E333-8FDC-42A3-9474-1A3956D46DE8}") = "Ordering", "Ordering", "{AEB6D8D8-7065-459F-966C-603AB0734BD7}"
EndProject
Project("{9A19103F-16F7-4668-BE54-9A1E7A4F7556}") = "Ordering.API", "Services\Ordering\Ordering.API\Ordering.API.csproj", "{BD622998-4F0F-486A-98B6-9EC16B3A6546}"
EndProject
Project("{9A19103F-16F7-4668-BE54-9A1E7A4F7556}") = "Ordering.Domain", "Services\Ordering\Ordering.Domain\Ordering.Domain.csproj", "{A280C81B-4602-4F39-AAA3-6D5A5540E71F}"
EndProject
Project("{9A19103F-16F7-4668-BE54-9A1E7A4F7556}") = "Ordering.Application", "Services\Ordering\Ordering.Application\Ordering.Application.csproj", "{04A399A5-B3EB-44C5-8C58-1B36B77FBE61}"
EndProject
Project("{9A19103F-16F7-4668-BE54-9A1E7A4F7556}") = "Ordering.Infrastructure", "Services\Ordering\Ordering.Infrastructure\Ordering.Infrastructure.csproj", "{8A10517A-FCE8-4037-B937-8F6F5EAB1B55}"
EndProject
Project("{2150E333-8FDC-42A3-9474-1A3956D46DE8}") = "BuildingBlocks", "BuildingBlocks", "{EF4A35CA-3FA8-4FEE-9ECD-75CA06D7EC79}"
EndProject
Project("{9A19103F-16F7-4668-BE54-9A1E7A4F7556}") = "EventBus", "BuildingBlocks\EventBus\EventBus.csproj", "{FA0F5CAB-9C49-4EB2-BC39-E2A6CC65B976}"
EndProject
Project("{2150E333-8FDC-42A3-9474-1A3956D46DE8}") = "API.Gateways", "API.Gateways", "{4EABD230-BB3F-44A3-B455-2D09D28E0774}"
EndProject
Project("{FAE04EC0-301F-11D3-BF4B-00C04F79EFBC}") = "Ocelot.APIGW", "API.Gateways\Ocelot.APIGW\Ocelot.APIGW.csproj", "{85187F09-96D2-4DC1-AA06-E0939355E2FF}"
EndProject
Global
	GlobalSection(SolutionConfigurationPlatforms) = preSolution
		Debug|Any CPU = Debug|Any CPU
		Release|Any CPU = Release|Any CPU
	EndGlobalSection
	GlobalSection(ProjectConfigurationPlatforms) = postSolution
		{E555D050-F701-45DA-8DBB-ECEF0D93A446}.Debug|Any CPU.ActiveCfg = Debug|Any CPU
		{E555D050-F701-45DA-8DBB-ECEF0D93A446}.Debug|Any CPU.Build.0 = Debug|Any CPU
		{E555D050-F701-45DA-8DBB-ECEF0D93A446}.Release|Any CPU.ActiveCfg = Release|Any CPU
		{E555D050-F701-45DA-8DBB-ECEF0D93A446}.Release|Any CPU.Build.0 = Release|Any CPU
		{5CC0C328-70BF-4A31-A73D-3F67A78B17E9}.Debug|Any CPU.ActiveCfg = Debug|Any CPU
		{5CC0C328-70BF-4A31-A73D-3F67A78B17E9}.Debug|Any CPU.Build.0 = Debug|Any CPU
		{5CC0C328-70BF-4A31-A73D-3F67A78B17E9}.Release|Any CPU.ActiveCfg = Release|Any CPU
		{5CC0C328-70BF-4A31-A73D-3F67A78B17E9}.Release|Any CPU.Build.0 = Release|Any CPU
		{363E9530-46E0-437F-9B1B-43967F142644}.Debug|Any CPU.ActiveCfg = Debug|Any CPU
		{363E9530-46E0-437F-9B1B-43967F142644}.Debug|Any CPU.Build.0 = Debug|Any CPU
		{363E9530-46E0-437F-9B1B-43967F142644}.Release|Any CPU.ActiveCfg = Release|Any CPU
		{363E9530-46E0-437F-9B1B-43967F142644}.Release|Any CPU.Build.0 = Release|Any CPU
		{DAAE1E4F-6921-48A6-A7DA-B7EAF81FB8A7}.Debug|Any CPU.ActiveCfg = Debug|Any CPU
		{DAAE1E4F-6921-48A6-A7DA-B7EAF81FB8A7}.Debug|Any CPU.Build.0 = Debug|Any CPU
		{DAAE1E4F-6921-48A6-A7DA-B7EAF81FB8A7}.Release|Any CPU.ActiveCfg = Release|Any CPU
		{DAAE1E4F-6921-48A6-A7DA-B7EAF81FB8A7}.Release|Any CPU.Build.0 = Release|Any CPU
		{7C5A8997-9CD1-44D9-A557-CC5D446D0597}.Debug|Any CPU.ActiveCfg = Debug|Any CPU
		{7C5A8997-9CD1-44D9-A557-CC5D446D0597}.Debug|Any CPU.Build.0 = Debug|Any CPU
		{7C5A8997-9CD1-44D9-A557-CC5D446D0597}.Release|Any CPU.ActiveCfg = Release|Any CPU
		{7C5A8997-9CD1-44D9-A557-CC5D446D0597}.Release|Any CPU.Build.0 = Release|Any CPU
		{BD622998-4F0F-486A-98B6-9EC16B3A6546}.Debug|Any CPU.ActiveCfg = Debug|Any CPU
		{BD622998-4F0F-486A-98B6-9EC16B3A6546}.Debug|Any CPU.Build.0 = Debug|Any CPU
		{BD622998-4F0F-486A-98B6-9EC16B3A6546}.Release|Any CPU.ActiveCfg = Release|Any CPU
		{BD622998-4F0F-486A-98B6-9EC16B3A6546}.Release|Any CPU.Build.0 = Release|Any CPU
		{A280C81B-4602-4F39-AAA3-6D5A5540E71F}.Debug|Any CPU.ActiveCfg = Debug|Any CPU
		{A280C81B-4602-4F39-AAA3-6D5A5540E71F}.Debug|Any CPU.Build.0 = Debug|Any CPU
		{A280C81B-4602-4F39-AAA3-6D5A5540E71F}.Release|Any CPU.ActiveCfg = Release|Any CPU
		{A280C81B-4602-4F39-AAA3-6D5A5540E71F}.Release|Any CPU.Build.0 = Release|Any CPU
		{04A399A5-B3EB-44C5-8C58-1B36B77FBE61}.Debug|Any CPU.ActiveCfg = Debug|Any CPU
		{04A399A5-B3EB-44C5-8C58-1B36B77FBE61}.Debug|Any CPU.Build.0 = Debug|Any CPU
		{04A399A5-B3EB-44C5-8C58-1B36B77FBE61}.Release|Any CPU.ActiveCfg = Release|Any CPU
		{04A399A5-B3EB-44C5-8C58-1B36B77FBE61}.Release|Any CPU.Build.0 = Release|Any CPU
		{8A10517A-FCE8-4037-B937-8F6F5EAB1B55}.Debug|Any CPU.ActiveCfg = Debug|Any CPU
		{8A10517A-FCE8-4037-B937-8F6F5EAB1B55}.Debug|Any CPU.Build.0 = Debug|Any CPU
		{8A10517A-FCE8-4037-B937-8F6F5EAB1B55}.Release|Any CPU.ActiveCfg = Release|Any CPU
		{8A10517A-FCE8-4037-B937-8F6F5EAB1B55}.Release|Any CPU.Build.0 = Release|Any CPU
		{FA0F5CAB-9C49-4EB2-BC39-E2A6CC65B976}.Debug|Any CPU.ActiveCfg = Debug|Any CPU
		{FA0F5CAB-9C49-4EB2-BC39-E2A6CC65B976}.Debug|Any CPU.Build.0 = Debug|Any CPU
		{FA0F5CAB-9C49-4EB2-BC39-E2A6CC65B976}.Release|Any CPU.ActiveCfg = Release|Any CPU
		{FA0F5CAB-9C49-4EB2-BC39-E2A6CC65B976}.Release|Any CPU.Build.0 = Release|Any CPU
		{85187F09-96D2-4DC1-AA06-E0939355E2FF}.Debug|Any CPU.ActiveCfg = Debug|Any CPU
		{85187F09-96D2-4DC1-AA06-E0939355E2FF}.Debug|Any CPU.Build.0 = Debug|Any CPU
		{85187F09-96D2-4DC1-AA06-E0939355E2FF}.Release|Any CPU.ActiveCfg = Release|Any CPU
		{85187F09-96D2-4DC1-AA06-E0939355E2FF}.Release|Any CPU.Build.0 = Release|Any CPU
	EndGlobalSection
	GlobalSection(SolutionProperties) = preSolution
		HideSolutionNode = FALSE
	EndGlobalSection
	GlobalSection(NestedProjects) = preSolution
		{E452A8D7-C69D-431A-B855-A5F97512E98A} = {F0DC11E7-931E-492E-BDBD-A24EF2BE1F01}
		{E555D050-F701-45DA-8DBB-ECEF0D93A446} = {E452A8D7-C69D-431A-B855-A5F97512E98A}
		{8C699883-7951-4750-B370-429772553B3D} = {F0DC11E7-931E-492E-BDBD-A24EF2BE1F01}
		{363E9530-46E0-437F-9B1B-43967F142644} = {8C699883-7951-4750-B370-429772553B3D}
		{68148285-244E-4388-B3F0-D19557133483} = {F0DC11E7-931E-492E-BDBD-A24EF2BE1F01}
		{DAAE1E4F-6921-48A6-A7DA-B7EAF81FB8A7} = {68148285-244E-4388-B3F0-D19557133483}
		{7C5A8997-9CD1-44D9-A557-CC5D446D0597} = {68148285-244E-4388-B3F0-D19557133483}
		{AEB6D8D8-7065-459F-966C-603AB0734BD7} = {F0DC11E7-931E-492E-BDBD-A24EF2BE1F01}
		{BD622998-4F0F-486A-98B6-9EC16B3A6546} = {AEB6D8D8-7065-459F-966C-603AB0734BD7}
		{A280C81B-4602-4F39-AAA3-6D5A5540E71F} = {AEB6D8D8-7065-459F-966C-603AB0734BD7}
		{04A399A5-B3EB-44C5-8C58-1B36B77FBE61} = {AEB6D8D8-7065-459F-966C-603AB0734BD7}
		{8A10517A-FCE8-4037-B937-8F6F5EAB1B55} = {AEB6D8D8-7065-459F-966C-603AB0734BD7}
		{FA0F5CAB-9C49-4EB2-BC39-E2A6CC65B976} = {EF4A35CA-3FA8-4FEE-9ECD-75CA06D7EC79}
		{85187F09-96D2-4DC1-AA06-E0939355E2FF} = {4EABD230-BB3F-44A3-B455-2D09D28E0774}
	EndGlobalSection
	GlobalSection(ExtensibilityGlobals) = postSolution
		SolutionGuid = {54CA4C4D-9195-467D-879F-AA59B0127E34}
	EndGlobalSection
EndGlobal
